// !$*UTF8*$!
{
	archiveVersion = 1;
	classes = {
	};
	objectVersion = 77;
	objects = {

/* Begin PBXBuildFile section */
		00F0947668410FD8089C5C36 /* PrivacyInfo.xcprivacy in Resources */ = {isa = PBXBuildFile; fileRef = C073134540F078872E793C80 /* PrivacyInfo.xcprivacy */; };
		102BABBD71B2D9B1979244AE /* libPods-NativeEditorTestHost-NativeEditorTests.a in Frameworks */ = {isa = PBXBuildFile; fileRef = B452CEC2376BE7FBF160D884 /* libPods-NativeEditorTestHost-NativeEditorTests.a */; };
		109D03B935C7AEF00B35F7FD /* PositionBridge.swift in Sources */ = {isa = PBXBuildFile; fileRef = F75CAFD6EDB9B56164227CB6 /* PositionBridge.swift */; };
		1F1FFFFC3EFDB8DDED227B5F /* EditorV2Adapter.swift in Sources */ = {isa = PBXBuildFile; fileRef = 4493157DC02C94D7F7D40FEB /* EditorV2Adapter.swift */; };
		25A847DC895BEC66CFACC067 /* EditorV2Shadow.swift in Sources */ = {isa = PBXBuildFile; fileRef = BBFD853F5749EC81448D20B9 /* EditorV2Shadow.swift */; };
		2D4DE27F01FB5A5C12DD4366 /* security-contract-fixtures.json in Resources */ = {isa = PBXBuildFile; fileRef = 609456B67A174C7062F4C3C9 /* security-contract-fixtures.json */; };
		D91100110000000000000001 /* viewer-performance-corpus.json in Resources */ = {isa = PBXBuildFile; fileRef = D91100110000000000000002 /* viewer-performance-corpus.json */; };
		3A6AEEFA6827371E8015A30F /* AppDelegate.swift in Sources */ = {isa = PBXBuildFile; fileRef = A6225248E2F347AD95F31C25 /* AppDelegate.swift */; };
		3BC1ECCE070C6FE94BBFD2E7 /* NativePerformanceTests.swift in Sources */ = {isa = PBXBuildFile; fileRef = 619D5E78F0F65CA7D5DE6A2E /* NativePerformanceTests.swift */; };
		408339E7E0B80F1F36E719D7 /* NativeEditorModule.swift in Sources */ = {isa = PBXBuildFile; fileRef = 8C79AD6B373E7B39BF9C2584 /* NativeEditorModule.swift */; };
		41CB569BDACE6252AAA1E146 /* EditorAddons.swift in Sources */ = {isa = PBXBuildFile; fileRef = CA17728099475A1BA3392F9D /* EditorAddons.swift */; };
		43F4AE17A9DCA615C506BBC6 /* EditorTheme.swift in Sources */ = {isa = PBXBuildFile; fileRef = 2A21C9C4A12403CEC40DCC5F /* EditorTheme.swift */; };
		44694792E94B7EC62506E549 /* libPods-NativeEditorTestHost.a in Frameworks */ = {isa = PBXBuildFile; fileRef = 4EA110550D23D76D89DD4A13 /* libPods-NativeEditorTestHost.a */; };
		464AF0D70C477A92AE784052 /* RichTextEditorViewTests.swift in Sources */ = {isa = PBXBuildFile; fileRef = C601336010F52C4C427A726B /* RichTextEditorViewTests.swift */; };
		4C50AEDC57A2F1DFD2FB47E9 /* PositionBridgeTests.swift in Sources */ = {isa = PBXBuildFile; fileRef = 45F15AFE005F23CA6452674D /* PositionBridgeTests.swift */; };
		5642EBDE70DB95F3337A753E /* RenderBridgeTests.swift in Sources */ = {isa = PBXBuildFile; fileRef = A700A64843C00E6FC5892B16 /* RenderBridgeTests.swift */; };
		58DAB37EF5C54D18AC850D2D /* ProseViewerView.swift in Sources */ = {isa = PBXBuildFile; fileRef = B91D20B361A5426DA59B6C43 /* ProseViewerView.swift */; };
		5A8DE0E49DBA4029A39BE606 /* ProseViewerViewTests.swift in Sources */ = {isa = PBXBuildFile; fileRef = C7C0A1F121B840B291735896 /* ProseViewerViewTests.swift */; };
		63686847E2C46533E28401AF /* RichTextEditorView.swift in Sources */ = {isa = PBXBuildFile; fileRef = 1561A9AC095AC3464D02B016 /* RichTextEditorView.swift */; };
		A3B6C71D4E5F60718293A4B5 /* CoreTextProseLayoutEngine.swift in Sources */ = {isa = PBXBuildFile; fileRef = A3B6C71D4E5F60718293A4B6 /* CoreTextProseLayoutEngine.swift */; };
		A3B6C71D4E5F60718293A4B7 /* PreparedProseDrawingView.swift in Sources */ = {isa = PBXBuildFile; fileRef = A3B6C71D4E5F60718293A4B8 /* PreparedProseDrawingView.swift */; };
		A3B6C71D4E5F60718293A4B9 /* PreparedProseLayout.swift in Sources */ = {isa = PBXBuildFile; fileRef = A3B6C71D4E5F60718293A4BA /* PreparedProseLayout.swift */; };
		A3B6C71D4E5F60718293A4BB /* PreparedProseLayoutCache.swift in Sources */ = {isa = PBXBuildFile; fileRef = A3B6C71D4E5F60718293A4BC /* PreparedProseLayoutCache.swift */; };
		A3B6C71D4E5F60718293A4BD /* PreparedProseLayoutRegistry.swift in Sources */ = {isa = PBXBuildFile; fileRef = A3B6C71D4E5F60718293A4BE /* PreparedProseLayoutRegistry.swift */; };
		A3B6C71D4E5F60718293A4BF /* PreparedProseLayoutTests.swift in Sources */ = {isa = PBXBuildFile; fileRef = A3B6C71D4E5F60718293A4C0 /* PreparedProseLayoutTests.swift */; };
		A3B6C71D4E5F60718293A4C5 /* PreparedProseRenderingTests.swift in Sources */ = {isa = PBXBuildFile; fileRef = A3B6C71D4E5F60718293A4C6 /* PreparedProseRenderingTests.swift */; };
		A3B6C71D4E5F60718293A4D1 /* PreparedProseAccessibilityTests.swift in Sources */ = {isa = PBXBuildFile; fileRef = A3B6C71D4E5F60718293A4D2 /* PreparedProseAccessibilityTests.swift */; };
		A3B6C71D4E5F60718293A4D4 /* PreparedProseInstrumentation.swift in Sources */ = {isa = PBXBuildFile; fileRef = A3B6C71D4E5F60718293A4D3 /* PreparedProseInstrumentation.swift */; };
		B9D001010000000000000011 /* PreparedProseRevisionTests.swift in Sources */ = {isa = PBXBuildFile; fileRef = B9D001010000000000000001 /* PreparedProseRevisionTests.swift */; };
		B9D001010000000000000012 /* ViewerImagePipeline.swift in Sources */ = {isa = PBXBuildFile; fileRef = B9D001010000000000000002 /* ViewerImagePipeline.swift */; };
		B9D001010000000000000013 /* ViewerFontEnvironment.swift in Sources */ = {isa = PBXBuildFile; fileRef = B9D001010000000000000003 /* ViewerFontEnvironment.swift */; };
		A3B6C71D4E5F60718293A4C1 /* ViewerDocument.swift in Sources */ = {isa = PBXBuildFile; fileRef = A3B6C71D4E5F60718293A4C2 /* ViewerDocument.swift */; };
		76A5F03FB7D4C124E29F13F1 /* NativeCollaborationSocket.swift in Sources */ = {isa = PBXBuildFile; fileRef = 3DB0694C3EBB885F034F0B30 /* NativeCollaborationSocket.swift */; };
		9A956ACF25320EA8F4016A05 /* RenderBridge.swift in Sources */ = {isa = PBXBuildFile; fileRef = 516ABE2BD8A41C81DA442F32 /* RenderBridge.swift */; };
		9E0E70548BFAF02E1EF711DE /* NativeCollaborationTransportRegistry.swift in Sources */ = {isa = PBXBuildFile; fileRef = 2261CB51C233C88B5737A00A /* NativeCollaborationTransportRegistry.swift */; };
		9E7DACEBB0DD1AD90F33066C /* EditorV2AdapterTests.swift in Sources */ = {isa = PBXBuildFile; fileRef = 80892297FFD41613BE083EF1 /* EditorV2AdapterTests.swift */; };
		B38018A935CF0A1BFA0AF72E /* NativeEditorExpoView.swift in Sources */ = {isa = PBXBuildFile; fileRef = 786BFC8DCAD00895F167F944 /* NativeEditorExpoView.swift */; };
		D706191CC74381BEB84776D7 /* EditorLayoutManager.swift in Sources */ = {isa = PBXBuildFile; fileRef = 22D9688A83204F92DB17B85B /* EditorLayoutManager.swift */; };
		D72F16B32016395EEF461106 /* EditorV2TestSupport.swift in Sources */ = {isa = PBXBuildFile; fileRef = 4AE8E4E959B1D503CC50F1C7 /* EditorV2TestSupport.swift */; };
		E0497F12FE357FCA9190C51B /* NativeCollaborationTransport.swift in Sources */ = {isa = PBXBuildFile; fileRef = D8B991A14504C9E29076097E /* NativeCollaborationTransport.swift */; };
		ED499271D47BBC23905FBF95 /* Generated_editor_core.swift in Sources */ = {isa = PBXBuildFile; fileRef = 2B2DD21676DB1880CDE24021 /* Generated_editor_core.swift */; };
		F6BDBF6086B974FDEBDED448 /* NativeProseViewerExpoView.swift in Sources */ = {isa = PBXBuildFile; fileRef = F548E58265E370CAED45F34E /* NativeProseViewerExpoView.swift */; };
/* End PBXBuildFile section */

/* Begin PBXFileReference section */
		08E2E15E6EE0B9E2C50A927D /* NativeEditorTestHost.app */ = {isa = PBXFileReference; includeInIndex = 0; lastKnownFileType = wrapper.application; path = NativeEditorTestHost.app; sourceTree = BUILT_PRODUCTS_DIR; };
		1561A9AC095AC3464D02B016 /* RichTextEditorView.swift */ = {isa = PBXFileReference; lastKnownFileType = sourcecode.swift; path = RichTextEditorView.swift; sourceTree = "<group>"; };
		2261CB51C233C88B5737A00A /* NativeCollaborationTransportRegistry.swift */ = {isa = PBXFileReference; lastKnownFileType = sourcecode.swift; path = NativeCollaborationTransportRegistry.swift; sourceTree = "<group>"; };
		22D9688A83204F92DB17B85B /* EditorLayoutManager.swift */ = {isa = PBXFileReference; lastKnownFileType = sourcecode.swift; path = EditorLayoutManager.swift; sourceTree = "<group>"; };
		27651F99214CC545615435E9 /* Pods-NativeEditorTestHost.release.xcconfig */ = {isa = PBXFileReference; includeInIndex = 1; lastKnownFileType = text.xcconfig; name = "Pods-NativeEditorTestHost.release.xcconfig"; path = "Target Support Files/Pods-NativeEditorTestHost/Pods-NativeEditorTestHost.release.xcconfig"; sourceTree = "<group>"; };
		28965AF91BA8A50173FACFE8 /* Pods-NativeEditorTestHost-NativeEditorTests.debug.xcconfig */ = {isa = PBXFileReference; includeInIndex = 1; lastKnownFileType = text.xcconfig; name = "Pods-NativeEditorTestHost-NativeEditorTests.debug.xcconfig"; path = "Target Support Files/Pods-NativeEditorTestHost-NativeEditorTests/Pods-NativeEditorTestHost-NativeEditorTests.debug.xcconfig"; sourceTree = "<group>"; };
		2A21C9C4A12403CEC40DCC5F /* EditorTheme.swift */ = {isa = PBXFileReference; lastKnownFileType = sourcecode.swift; path = EditorTheme.swift; sourceTree = "<group>"; };
		2B2DD21676DB1880CDE24021 /* Generated_editor_core.swift */ = {isa = PBXFileReference; lastKnownFileType = sourcecode.swift; path = Generated_editor_core.swift; sourceTree = "<group>"; };
		3DB0694C3EBB885F034F0B30 /* NativeCollaborationSocket.swift */ = {isa = PBXFileReference; lastKnownFileType = sourcecode.swift; path = NativeCollaborationSocket.swift; sourceTree = "<group>"; };
		4493157DC02C94D7F7D40FEB /* EditorV2Adapter.swift */ = {isa = PBXFileReference; lastKnownFileType = sourcecode.swift; path = EditorV2Adapter.swift; sourceTree = "<group>"; };
		45F15AFE005F23CA6452674D /* PositionBridgeTests.swift */ = {isa = PBXFileReference; lastKnownFileType = sourcecode.swift; path = PositionBridgeTests.swift; sourceTree = "<group>"; };
		4AE8E4E959B1D503CC50F1C7 /* EditorV2TestSupport.swift */ = {isa = PBXFileReference; lastKnownFileType = sourcecode.swift; path = EditorV2TestSupport.swift; sourceTree = "<group>"; };
		4EA110550D23D76D89DD4A13 /* libPods-NativeEditorTestHost.a */ = {isa = PBXFileReference; explicitFileType = archive.ar; includeInIndex = 0; path = "libPods-NativeEditorTestHost.a"; sourceTree = BUILT_PRODUCTS_DIR; };
		516ABE2BD8A41C81DA442F32 /* RenderBridge.swift */ = {isa = PBXFileReference; lastKnownFileType = sourcecode.swift; path = RenderBridge.swift; sourceTree = "<group>"; };
		609456B67A174C7062F4C3C9 /* security-contract-fixtures.json */ = {isa = PBXFileReference; lastKnownFileType = text.json; path = "security-contract-fixtures.json"; sourceTree = "<group>"; };
		D91100110000000000000002 /* viewer-performance-corpus.json */ = {isa = PBXFileReference; lastKnownFileType = text.json; path = "viewer-performance-corpus.json"; sourceTree = "<group>"; };
		619D5E78F0F65CA7D5DE6A2E /* NativePerformanceTests.swift */ = {isa = PBXFileReference; lastKnownFileType = sourcecode.swift; path = NativePerformanceTests.swift; sourceTree = "<group>"; };
		786BFC8DCAD00895F167F944 /* NativeEditorExpoView.swift */ = {isa = PBXFileReference; lastKnownFileType = sourcecode.swift; path = NativeEditorExpoView.swift; sourceTree = "<group>"; };
		80892297FFD41613BE083EF1 /* EditorV2AdapterTests.swift */ = {isa = PBXFileReference; lastKnownFileType = sourcecode.swift; path = EditorV2AdapterTests.swift; sourceTree = "<group>"; };
		8C79AD6B373E7B39BF9C2584 /* NativeEditorModule.swift */ = {isa = PBXFileReference; lastKnownFileType = sourcecode.swift; path = NativeEditorModule.swift; sourceTree = "<group>"; };
		A6225248E2F347AD95F31C25 /* AppDelegate.swift */ = {isa = PBXFileReference; lastKnownFileType = sourcecode.swift; path = AppDelegate.swift; sourceTree = "<group>"; };
		A700A64843C00E6FC5892B16 /* RenderBridgeTests.swift */ = {isa = PBXFileReference; lastKnownFileType = sourcecode.swift; path = RenderBridgeTests.swift; sourceTree = "<group>"; };
		A3B6C71D4E5F60718293A4B6 /* CoreTextProseLayoutEngine.swift */ = {isa = PBXFileReference; lastKnownFileType = sourcecode.swift; path = CoreTextProseLayoutEngine.swift; sourceTree = "<group>"; };
		A3B6C71D4E5F60718293A4B8 /* PreparedProseDrawingView.swift */ = {isa = PBXFileReference; lastKnownFileType = sourcecode.swift; path = PreparedProseDrawingView.swift; sourceTree = "<group>"; };
		A3B6C71D4E5F60718293A4BA /* PreparedProseLayout.swift */ = {isa = PBXFileReference; lastKnownFileType = sourcecode.swift; path = PreparedProseLayout.swift; sourceTree = "<group>"; };
		A3B6C71D4E5F60718293A4BC /* PreparedProseLayoutCache.swift */ = {isa = PBXFileReference; lastKnownFileType = sourcecode.swift; path = PreparedProseLayoutCache.swift; sourceTree = "<group>"; };
		A3B6C71D4E5F60718293A4BE /* PreparedProseLayoutRegistry.swift */ = {isa = PBXFileReference; lastKnownFileType = sourcecode.swift; path = PreparedProseLayoutRegistry.swift; sourceTree = "<group>"; };
		A3B6C71D4E5F60718293A4C0 /* PreparedProseLayoutTests.swift */ = {isa = PBXFileReference; lastKnownFileType = sourcecode.swift; path = PreparedProseLayoutTests.swift; sourceTree = "<group>"; };
		A3B6C71D4E5F60718293A4C6 /* PreparedProseRenderingTests.swift */ = {isa = PBXFileReference; lastKnownFileType = sourcecode.swift; path = PreparedProseRenderingTests.swift; sourceTree = "<group>"; };
		A3B6C71D4E5F60718293A4D2 /* PreparedProseAccessibilityTests.swift */ = {isa = PBXFileReference; lastKnownFileType = sourcecode.swift; path = PreparedProseAccessibilityTests.swift; sourceTree = "<group>"; };
		A3B6C71D4E5F60718293A4D3 /* PreparedProseInstrumentation.swift */ = {isa = PBXFileReference; lastKnownFileType = sourcecode.swift; path = PreparedProseInstrumentation.swift; sourceTree = "<group>"; };
		B9D001010000000000000001 /* PreparedProseRevisionTests.swift */ = {isa = PBXFileReference; lastKnownFileType = sourcecode.swift; path = PreparedProseRevisionTests.swift; sourceTree = "<group>"; };
		B9D001010000000000000002 /* ViewerImagePipeline.swift */ = {isa = PBXFileReference; lastKnownFileType = sourcecode.swift; path = ViewerImagePipeline.swift; sourceTree = "<group>"; };
		B9D001010000000000000003 /* ViewerFontEnvironment.swift */ = {isa = PBXFileReference; lastKnownFileType = sourcecode.swift; path = ViewerFontEnvironment.swift; sourceTree = "<group>"; };
		A3B6C71D4E5F60718293A4C2 /* ViewerDocument.swift */ = {isa = PBXFileReference; lastKnownFileType = sourcecode.swift; path = ViewerDocument.swift; sourceTree = "<group>"; };
		B91D20B361A5426DA59B6C43 /* ProseViewerView.swift */ = {isa = PBXFileReference; lastKnownFileType = sourcecode.swift; path = ProseViewerView.swift; sourceTree = "<group>"; };
		C7C0A1F121B840B291735896 /* ProseViewerViewTests.swift */ = {isa = PBXFileReference; lastKnownFileType = sourcecode.swift; path = ProseViewerViewTests.swift; sourceTree = "<group>"; };
		AAFA4DB42F32DDE95171E72A /* NativeEditorTests.xctest */ = {isa = PBXFileReference; includeInIndex = 0; lastKnownFileType = wrapper.cfbundle; path = NativeEditorTests.xctest; sourceTree = BUILT_PRODUCTS_DIR; };
		B2614A388A9673C2226F9F72 /* Pods-NativeEditorTestHost-NativeEditorTests.release.xcconfig */ = {isa = PBXFileReference; includeInIndex = 1; lastKnownFileType = text.xcconfig; name = "Pods-NativeEditorTestHost-NativeEditorTests.release.xcconfig"; path = "Target Support Files/Pods-NativeEditorTestHost-NativeEditorTests/Pods-NativeEditorTestHost-NativeEditorTests.release.xcconfig"; sourceTree = "<group>"; };
		B452CEC2376BE7FBF160D884 /* libPods-NativeEditorTestHost-NativeEditorTests.a */ = {isa = PBXFileReference; explicitFileType = archive.ar; includeInIndex = 0; path = "libPods-NativeEditorTestHost-NativeEditorTests.a"; sourceTree = BUILT_PRODUCTS_DIR; };
		BBFD853F5749EC81448D20B9 /* EditorV2Shadow.swift */ = {isa = PBXFileReference; lastKnownFileType = sourcecode.swift; path = EditorV2Shadow.swift; sourceTree = "<group>"; };
		C073134540F078872E793C80 /* PrivacyInfo.xcprivacy */ = {isa = PBXFileReference; includeInIndex = 1; path = PrivacyInfo.xcprivacy; sourceTree = "<group>"; };
		C601336010F52C4C427A726B /* RichTextEditorViewTests.swift */ = {isa = PBXFileReference; lastKnownFileType = sourcecode.swift; path = RichTextEditorViewTests.swift; sourceTree = "<group>"; };
		CA17728099475A1BA3392F9D /* EditorAddons.swift */ = {isa = PBXFileReference; lastKnownFileType = sourcecode.swift; path = EditorAddons.swift; sourceTree = "<group>"; };
		D8B991A14504C9E29076097E /* NativeCollaborationTransport.swift */ = {isa = PBXFileReference; lastKnownFileType = sourcecode.swift; path = NativeCollaborationTransport.swift; sourceTree = "<group>"; };
		DEE17AC8424B833093FA44D4 /* Pods-NativeEditorTestHost.debug.xcconfig */ = {isa = PBXFileReference; includeInIndex = 1; lastKnownFileType = text.xcconfig; name = "Pods-NativeEditorTestHost.debug.xcconfig"; path = "Target Support Files/Pods-NativeEditorTestHost/Pods-NativeEditorTestHost.debug.xcconfig"; sourceTree = "<group>"; };
		F548E58265E370CAED45F34E /* NativeProseViewerExpoView.swift */ = {isa = PBXFileReference; lastKnownFileType = sourcecode.swift; path = NativeProseViewerExpoView.swift; sourceTree = "<group>"; };
		F75CAFD6EDB9B56164227CB6 /* PositionBridge.swift */ = {isa = PBXFileReference; lastKnownFileType = sourcecode.swift; path = PositionBridge.swift; sourceTree = "<group>"; };
/* End PBXFileReference section */

/* Begin PBXFrameworksBuildPhase section */
		1281013441070173A811FFF1 /* Frameworks */ = {
			isa = PBXFrameworksBuildPhase;
			buildActionMask = 2147483647;
			files = (
				44694792E94B7EC62506E549 /* libPods-NativeEditorTestHost.a in Frameworks */,
			);
			runOnlyForDeploymentPostprocessing = 0;
		};
		8BA1DCF6C4357446BBB25EFC /* Frameworks */ = {
			isa = PBXFrameworksBuildPhase;
			buildActionMask = 2147483647;
			files = (
				102BABBD71B2D9B1979244AE /* libPods-NativeEditorTestHost-NativeEditorTests.a in Frameworks */,
			);
			runOnlyForDeploymentPostprocessing = 0;
		};
/* End PBXFrameworksBuildPhase section */

/* Begin PBXGroup section */
		00410BC288424088D6F3C70B /* ios */ = {
			isa = PBXGroup;
			children = (
				A1B0488D87C3F2E91B9D51E8 /* Tests */,
				A3B6C71D4E5F60718293A4C3 /* Viewer */,
				CA17728099475A1BA3392F9D /* EditorAddons.swift */,
				22D9688A83204F92DB17B85B /* EditorLayoutManager.swift */,
				2A21C9C4A12403CEC40DCC5F /* EditorTheme.swift */,
				4493157DC02C94D7F7D40FEB /* EditorV2Adapter.swift */,
				BBFD853F5749EC81448D20B9 /* EditorV2Shadow.swift */,
				2B2DD21676DB1880CDE24021 /* Generated_editor_core.swift */,
				3DB0694C3EBB885F034F0B30 /* NativeCollaborationSocket.swift */,
				D8B991A14504C9E29076097E /* NativeCollaborationTransport.swift */,
				2261CB51C233C88B5737A00A /* NativeCollaborationTransportRegistry.swift */,
				786BFC8DCAD00895F167F944 /* NativeEditorExpoView.swift */,
				8C79AD6B373E7B39BF9C2584 /* NativeEditorModule.swift */,
				F548E58265E370CAED45F34E /* NativeProseViewerExpoView.swift */,
				B91D20B361A5426DA59B6C43 /* ProseViewerView.swift */,
				F75CAFD6EDB9B56164227CB6 /* PositionBridge.swift */,
				516ABE2BD8A41C81DA442F32 /* RenderBridge.swift */,
				1561A9AC095AC3464D02B016 /* RichTextEditorView.swift */,
			);
			path = ios;
			sourceTree = "<group>";
		};
		1947FE4C7E924DC873263656 /* Frameworks */ = {
			isa = PBXGroup;
			children = (
				4EA110550D23D76D89DD4A13 /* libPods-NativeEditorTestHost.a */,
				B452CEC2376BE7FBF160D884 /* libPods-NativeEditorTestHost-NativeEditorTests.a */,
			);
			name = Frameworks;
			sourceTree = "<group>";
		};
		1F4B898E39618084B1EF4DD5 /* Products */ = {
			isa = PBXGroup;
			children = (
				08E2E15E6EE0B9E2C50A927D /* NativeEditorTestHost.app */,
				AAFA4DB42F32DDE95171E72A /* NativeEditorTests.xctest */,
			);
			name = Products;
			sourceTree = "<group>";
		};
		5F55B665CC6AE3E4169C049A /* Pods */ = {
			isa = PBXGroup;
			children = (
				DEE17AC8424B833093FA44D4 /* Pods-NativeEditorTestHost.debug.xcconfig */,
				27651F99214CC545615435E9 /* Pods-NativeEditorTestHost.release.xcconfig */,
				28965AF91BA8A50173FACFE8 /* Pods-NativeEditorTestHost-NativeEditorTests.debug.xcconfig */,
				B2614A388A9673C2226F9F72 /* Pods-NativeEditorTestHost-NativeEditorTests.release.xcconfig */,
			);
			name = Pods;
			path = Pods;
			sourceTree = "<group>";
		};
		781F9B5CBCFE6BF55B817DB0 /* scripts */ = {
			isa = PBXGroup;
			children = (
				DD6E2B5E25BCEAD75CB1C4AA /* tests */,
			);
			path = scripts;
			sourceTree = "<group>";
		};
		826B7C4721EE65856D6795B7 /* TestHost */ = {
			isa = PBXGroup;
			children = (
				A6225248E2F347AD95F31C25 /* AppDelegate.swift */,
			);
			path = TestHost;
			sourceTree = "<group>";
		};
		A1B0488D87C3F2E91B9D51E8 /* Tests */ = {
			isa = PBXGroup;
			children = (
				80892297FFD41613BE083EF1 /* EditorV2AdapterTests.swift */,
				4AE8E4E959B1D503CC50F1C7 /* EditorV2TestSupport.swift */,
				619D5E78F0F65CA7D5DE6A2E /* NativePerformanceTests.swift */,
				45F15AFE005F23CA6452674D /* PositionBridgeTests.swift */,
				A3B6C71D4E5F60718293A4C0 /* PreparedProseLayoutTests.swift */,
				A3B6C71D4E5F60718293A4C6 /* PreparedProseRenderingTests.swift */,
				A3B6C71D4E5F60718293A4D2 /* PreparedProseAccessibilityTests.swift */,
				B9D001010000000000000001 /* PreparedProseRevisionTests.swift */,
				C7C0A1F121B840B291735896 /* ProseViewerViewTests.swift */,
				A700A64843C00E6FC5892B16 /* RenderBridgeTests.swift */,
				C601336010F52C4C427A726B /* RichTextEditorViewTests.swift */,
			);
			path = Tests;
			sourceTree = "<group>";
		};
		A3B6C71D4E5F60718293A4C3 /* Viewer */ = {
			isa = PBXGroup;
			children = (
				A3B6C71D4E5F60718293A4B6 /* CoreTextProseLayoutEngine.swift */,
				A3B6C71D4E5F60718293A4B8 /* PreparedProseDrawingView.swift */,
				A3B6C71D4E5F60718293A4BA /* PreparedProseLayout.swift */,
				A3B6C71D4E5F60718293A4BC /* PreparedProseLayoutCache.swift */,
				A3B6C71D4E5F60718293A4BE /* PreparedProseLayoutRegistry.swift */,
				A3B6C71D4E5F60718293A4D3 /* PreparedProseInstrumentation.swift */,
				B9D001010000000000000002 /* ViewerImagePipeline.swift */,
				B9D001010000000000000003 /* ViewerFontEnvironment.swift */,
				A3B6C71D4E5F60718293A4C2 /* ViewerDocument.swift */,
			);
			path = Viewer;
			sourceTree = "<group>";
		};
		AD5DDF42BF333A2B2879EFA3 = {
			isa = PBXGroup;
			children = (
				D31F7825094A62DBE5804174 /* native-editor */,
				826B7C4721EE65856D6795B7 /* TestHost */,
				1F4B898E39618084B1EF4DD5 /* Products */,
				C073134540F078872E793C80 /* PrivacyInfo.xcprivacy */,
				5F55B665CC6AE3E4169C049A /* Pods */,
				1947FE4C7E924DC873263656 /* Frameworks */,
			);
			sourceTree = "<group>";
		};
		D31F7825094A62DBE5804174 /* native-editor */ = {
			isa = PBXGroup;
			children = (
				00410BC288424088D6F3C70B /* ios */,
				781F9B5CBCFE6BF55B817DB0 /* scripts */,
			);
			name = "native-editor";
			path = ..;
			sourceTree = "<group>";
		};
		DD6E2B5E25BCEAD75CB1C4AA /* tests */ = {
			isa = PBXGroup;
			children = (
				609456B67A174C7062F4C3C9 /* security-contract-fixtures.json */,
				D91100110000000000000002 /* viewer-performance-corpus.json */,
			);
			path = tests;
			sourceTree = "<group>";
		};
/* End PBXGroup section */

/* Begin PBXNativeTarget section */
		19C22BD2CB0BC83B9918257D /* NativeEditorTests */ = {
			isa = PBXNativeTarget;
			buildConfigurationList = F552DE382289921B2E97DDC7 /* Build configuration list for PBXNativeTarget "NativeEditorTests" */;
			buildPhases = (
				60048436AA06C6DB47821FA1 /* [CP] Check Pods Manifest.lock */,
				A8B845B3B6EC5F9072D2E478 /* Sources */,
				83F6B0945787BF190B220E4E /* Resources */,
				8BA1DCF6C4357446BBB25EFC /* Frameworks */,
				15EA144D74CA025C515BDE73 /* [CP] Embed Pods Frameworks */,
				FF3745F1BC30D387CE30DCE8 /* [CP] Copy Pods Resources */,
			);
			buildRules = (
			);
			dependencies = (
			);
			name = NativeEditorTests;
			productName = NativeEditorTests;
			productReference = AAFA4DB42F32DDE95171E72A /* NativeEditorTests.xctest */;
			productType = "com.apple.product-type.bundle.unit-test";
		};
		36BE18DD6515FBAF43F806D5 /* NativeEditorTestHost */ = {
			isa = PBXNativeTarget;
			buildConfigurationList = 4CB6E8BE6741388FB1D0C6A8 /* Build configuration list for PBXNativeTarget "NativeEditorTestHost" */;
			buildPhases = (
				579D0A1E3F9728755ECBBB2C /* [CP] Check Pods Manifest.lock */,
				A05115A3812E3122F2A470AA /* Sources */,
				659120337A7D85683BC90C88 /* Resources */,
				1281013441070173A811FFF1 /* Frameworks */,
				0D4A727593B2CA631AAC868C /* [CP] Embed Pods Frameworks */,
				4042DEB21B032CF7390A542A /* [CP] Copy Pods Resources */,
			);
			buildRules = (
			);
			dependencies = (
			);
			name = NativeEditorTestHost;
			productName = NativeEditorTestHost;
			productReference = 08E2E15E6EE0B9E2C50A927D /* NativeEditorTestHost.app */;
			productType = "com.apple.product-type.application";
		};
/* End PBXNativeTarget section */

/* Begin PBXProject section */
		445105AA8CEBE0832E1578CA /* Project object */ = {
			isa = PBXProject;
			attributes = {
				BuildIndependentTargetsInParallel = YES;
				LastUpgradeCheck = 1430;
				TargetAttributes = {
					19C22BD2CB0BC83B9918257D = {
						DevelopmentTeam = "$(IOS_DEVELOPMENT_TEAM)";
						ProvisioningStyle = Automatic;
						TestTargetID = 36BE18DD6515FBAF43F806D5;
					};
					36BE18DD6515FBAF43F806D5 = {
						DevelopmentTeam = "$(IOS_DEVELOPMENT_TEAM)";
						ProvisioningStyle = Automatic;
					};
				};
			};
			buildConfigurationList = C96CB555D37F0B78786DB55B /* Build configuration list for PBXProject "NativeEditorTests" */;
			developmentRegion = en;
			hasScannedForEncodings = 0;
			knownRegions = (
				Base,
				en,
			);
			mainGroup = AD5DDF42BF333A2B2879EFA3;
			minimizedProjectReferenceProxies = 1;
			preferredProjectObjectVersion = 77;
			productRefGroup = 1F4B898E39618084B1EF4DD5 /* Products */;
			projectDirPath = "";
			projectRoot = "";
			targets = (
				36BE18DD6515FBAF43F806D5 /* NativeEditorTestHost */,
				19C22BD2CB0BC83B9918257D /* NativeEditorTests */,
			);
		};
/* End PBXProject section */

/* Begin PBXResourcesBuildPhase section */
		659120337A7D85683BC90C88 /* Resources */ = {
			isa = PBXResourcesBuildPhase;
			buildActionMask = 2147483647;
			files = (
				00F0947668410FD8089C5C36 /* PrivacyInfo.xcprivacy in Resources */,
			);
			runOnlyForDeploymentPostprocessing = 0;
		};
		83F6B0945787BF190B220E4E /* Resources */ = {
			isa = PBXResourcesBuildPhase;
			buildActionMask = 2147483647;
			files = (
				2D4DE27F01FB5A5C12DD4366 /* security-contract-fixtures.json in Resources */,
				D91100110000000000000001 /* viewer-performance-corpus.json in Resources */,
			);
			runOnlyForDeploymentPostprocessing = 0;
		};
/* End PBXResourcesBuildPhase section */

/* Begin PBXShellScriptBuildPhase section */
		0D4A727593B2CA631AAC868C /* [CP] Embed Pods Frameworks */ = {
			isa = PBXShellScriptBuildPhase;
			buildActionMask = 2147483647;
			files = (
			);
			inputFileListPaths = (
				"${PODS_ROOT}/Target Support Files/Pods-NativeEditorTestHost/Pods-NativeEditorTestHost-frameworks-${CONFIGURATION}-input-files.xcfilelist",
			);
			name = "[CP] Embed Pods Frameworks";
			outputFileListPaths = (
				"${PODS_ROOT}/Target Support Files/Pods-NativeEditorTestHost/Pods-NativeEditorTestHost-frameworks-${CONFIGURATION}-output-files.xcfilelist",
			);
			runOnlyForDeploymentPostprocessing = 0;
			shellPath = /bin/sh;
			shellScript = "\"${PODS_ROOT}/Target Support Files/Pods-NativeEditorTestHost/Pods-NativeEditorTestHost-frameworks.sh\"\n";
			showEnvVarsInLog = 0;
		};
		15EA144D74CA025C515BDE73 /* [CP] Embed Pods Frameworks */ = {
			isa = PBXShellScriptBuildPhase;
			buildActionMask = 2147483647;
			files = (
			);
			inputFileListPaths = (
				"${PODS_ROOT}/Target Support Files/Pods-NativeEditorTestHost-NativeEditorTests/Pods-NativeEditorTestHost-NativeEditorTests-frameworks-${CONFIGURATION}-input-files.xcfilelist",
			);
			name = "[CP] Embed Pods Frameworks";
			outputFileListPaths = (
				"${PODS_ROOT}/Target Support Files/Pods-NativeEditorTestHost-NativeEditorTests/Pods-NativeEditorTestHost-NativeEditorTests-frameworks-${CONFIGURATION}-output-files.xcfilelist",
			);
			runOnlyForDeploymentPostprocessing = 0;
			shellPath = /bin/sh;
			shellScript = "\"${PODS_ROOT}/Target Support Files/Pods-NativeEditorTestHost-NativeEditorTests/Pods-NativeEditorTestHost-NativeEditorTests-frameworks.sh\"\n";
			showEnvVarsInLog = 0;
		};
		4042DEB21B032CF7390A542A /* [CP] Copy Pods Resources */ = {
			isa = PBXShellScriptBuildPhase;
			buildActionMask = 2147483647;
			files = (
			);
			inputFileListPaths = (
				"${PODS_ROOT}/Target Support Files/Pods-NativeEditorTestHost/Pods-NativeEditorTestHost-resources-${CONFIGURATION}-input-files.xcfilelist",
			);
			name = "[CP] Copy Pods Resources";
			outputFileListPaths = (
				"${PODS_ROOT}/Target Support Files/Pods-NativeEditorTestHost/Pods-NativeEditorTestHost-resources-${CONFIGURATION}-output-files.xcfilelist",
			);
			runOnlyForDeploymentPostprocessing = 0;
			shellPath = /bin/sh;
			shellScript = "\"${PODS_ROOT}/Target Support Files/Pods-NativeEditorTestHost/Pods-NativeEditorTestHost-resources.sh\"\n";
			showEnvVarsInLog = 0;
		};
		579D0A1E3F9728755ECBBB2C /* [CP] Check Pods Manifest.lock */ = {
			isa = PBXShellScriptBuildPhase;
			buildActionMask = 2147483647;
			files = (
			);
			inputFileListPaths = (
			);
			inputPaths = (
				"${PODS_PODFILE_DIR_PATH}/Podfile.lock",
				"${PODS_ROOT}/Manifest.lock",
			);
			name = "[CP] Check Pods Manifest.lock";
			outputFileListPaths = (
			);
			outputPaths = (
				"$(DERIVED_FILE_DIR)/Pods-NativeEditorTestHost-checkManifestLockResult.txt",
			);
			runOnlyForDeploymentPostprocessing = 0;
			shellPath = /bin/sh;
			shellScript = "diff \"${PODS_PODFILE_DIR_PATH}/Podfile.lock\" \"${PODS_ROOT}/Manifest.lock\" > /dev/null\nif [ $? != 0 ] ; then\n    # print error to STDERR\n    echo \"error: The sandbox is not in sync with the Podfile.lock. Run 'pod install' or update your CocoaPods installation.\" >&2\n    exit 1\nfi\n# This output is used by Xcode 'outputs' to avoid re-running this script phase.\necho \"SUCCESS\" > \"${SCRIPT_OUTPUT_FILE_0}\"\n";
			showEnvVarsInLog = 0;
		};
		60048436AA06C6DB47821FA1 /* [CP] Check Pods Manifest.lock */ = {
			isa = PBXShellScriptBuildPhase;
			buildActionMask = 2147483647;
			files = (
			);
			inputFileListPaths = (
			);
			inputPaths = (
				"${PODS_PODFILE_DIR_PATH}/Podfile.lock",
				"${PODS_ROOT}/Manifest.lock",
			);
			name = "[CP] Check Pods Manifest.lock";
			outputFileListPaths = (
			);
			outputPaths = (
				"$(DERIVED_FILE_DIR)/Pods-NativeEditorTestHost-NativeEditorTests-checkManifestLockResult.txt",
			);
			runOnlyForDeploymentPostprocessing = 0;
			shellPath = /bin/sh;
			shellScript = "diff \"${PODS_PODFILE_DIR_PATH}/Podfile.lock\" \"${PODS_ROOT}/Manifest.lock\" > /dev/null\nif [ $? != 0 ] ; then\n    # print error to STDERR\n    echo \"error: The sandbox is not in sync with the Podfile.lock. Run 'pod install' or update your CocoaPods installation.\" >&2\n    exit 1\nfi\n# This output is used by Xcode 'outputs' to avoid re-running this script phase.\necho \"SUCCESS\" > \"${SCRIPT_OUTPUT_FILE_0}\"\n";
			showEnvVarsInLog = 0;
		};
		FF3745F1BC30D387CE30DCE8 /* [CP] Copy Pods Resources */ = {
			isa = PBXShellScriptBuildPhase;
			buildActionMask = 2147483647;
			files = (
			);
			inputFileListPaths = (
				"${PODS_ROOT}/Target Support Files/Pods-NativeEditorTestHost-NativeEditorTests/Pods-NativeEditorTestHost-NativeEditorTests-resources-${CONFIGURATION}-input-files.xcfilelist",
			);
			name = "[CP] Copy Pods Resources";
			outputFileListPaths = (
				"${PODS_ROOT}/Target Support Files/Pods-NativeEditorTestHost-NativeEditorTests/Pods-NativeEditorTestHost-NativeEditorTests-resources-${CONFIGURATION}-output-files.xcfilelist",
			);
			runOnlyForDeploymentPostprocessing = 0;
			shellPath = /bin/sh;
			shellScript = "\"${PODS_ROOT}/Target Support Files/Pods-NativeEditorTestHost-NativeEditorTests/Pods-NativeEditorTestHost-NativeEditorTests-resources.sh\"\n";
			showEnvVarsInLog = 0;
		};
/* End PBXShellScriptBuildPhase section */

/* Begin PBXSourcesBuildPhase section */
		A05115A3812E3122F2A470AA /* Sources */ = {
			isa = PBXSourcesBuildPhase;
			buildActionMask = 2147483647;
			files = (
				3A6AEEFA6827371E8015A30F /* AppDelegate.swift in Sources */,
			);
			runOnlyForDeploymentPostprocessing = 0;
		};
		A8B845B3B6EC5F9072D2E478 /* Sources */ = {
			isa = PBXSourcesBuildPhase;
			buildActionMask = 2147483647;
			files = (
				41CB569BDACE6252AAA1E146 /* EditorAddons.swift in Sources */,
				D706191CC74381BEB84776D7 /* EditorLayoutManager.swift in Sources */,
				43F4AE17A9DCA615C506BBC6 /* EditorTheme.swift in Sources */,
				1F1FFFFC3EFDB8DDED227B5F /* EditorV2Adapter.swift in Sources */,
				9E7DACEBB0DD1AD90F33066C /* EditorV2AdapterTests.swift in Sources */,
				25A847DC895BEC66CFACC067 /* EditorV2Shadow.swift in Sources */,
				D72F16B32016395EEF461106 /* EditorV2TestSupport.swift in Sources */,
				ED499271D47BBC23905FBF95 /* Generated_editor_core.swift in Sources */,
				76A5F03FB7D4C124E29F13F1 /* NativeCollaborationSocket.swift in Sources */,
				E0497F12FE357FCA9190C51B /* NativeCollaborationTransport.swift in Sources */,
				9E0E70548BFAF02E1EF711DE /* NativeCollaborationTransportRegistry.swift in Sources */,
				B38018A935CF0A1BFA0AF72E /* NativeEditorExpoView.swift in Sources */,
				408339E7E0B80F1F36E719D7 /* NativeEditorModule.swift in Sources */,
				3BC1ECCE070C6FE94BBFD2E7 /* NativePerformanceTests.swift in Sources */,
				F6BDBF6086B974FDEBDED448 /* NativeProseViewerExpoView.swift in Sources */,
				58DAB37EF5C54D18AC850D2D /* ProseViewerView.swift in Sources */,
				5A8DE0E49DBA4029A39BE606 /* ProseViewerViewTests.swift in Sources */,
				109D03B935C7AEF00B35F7FD /* PositionBridge.swift in Sources */,
				4C50AEDC57A2F1DFD2FB47E9 /* PositionBridgeTests.swift in Sources */,
				9A956ACF25320EA8F4016A05 /* RenderBridge.swift in Sources */,
				5642EBDE70DB95F3337A753E /* RenderBridgeTests.swift in Sources */,
				63686847E2C46533E28401AF /* RichTextEditorView.swift in Sources */,
				464AF0D70C477A92AE784052 /* RichTextEditorViewTests.swift in Sources */,
				A3B6C71D4E5F60718293A4B5 /* CoreTextProseLayoutEngine.swift in Sources */,
				A3B6C71D4E5F60718293A4B7 /* PreparedProseDrawingView.swift in Sources */,
				A3B6C71D4E5F60718293A4B9 /* PreparedProseLayout.swift in Sources */,
				A3B6C71D4E5F60718293A4BB /* PreparedProseLayoutCache.swift in Sources */,
				A3B6C71D4E5F60718293A4BD /* PreparedProseLayoutRegistry.swift in Sources */,
				A3B6C71D4E5F60718293A4D4 /* PreparedProseInstrumentation.swift in Sources */,
				A3B6C71D4E5F60718293A4BF /* PreparedProseLayoutTests.swift in Sources */,
				A3B6C71D4E5F60718293A4C5 /* PreparedProseRenderingTests.swift in Sources */,
				A3B6C71D4E5F60718293A4D1 /* PreparedProseAccessibilityTests.swift in Sources */,
				B9D001010000000000000011 /* PreparedProseRevisionTests.swift in Sources */,
				B9D001010000000000000012 /* ViewerImagePipeline.swift in Sources */,
				B9D001010000000000000013 /* ViewerFontEnvironment.swift in Sources */,
				A3B6C71D4E5F60718293A4C1 /* ViewerDocument.swift in Sources */,
			);
			runOnlyForDeploymentPostprocessing = 0;
		};
/* End PBXSourcesBuildPhase section */

/* Begin XCBuildConfiguration section */
		1DC8ACECC9EAFD09CE1BD287 /* Debug */ = {
			isa = XCBuildConfiguration;
			baseConfigurationReference = DEE17AC8424B833093FA44D4 /* Pods-NativeEditorTestHost.debug.xcconfig */;
			buildSettings = {
				ASSETCATALOG_COMPILER_APPICON_NAME = AppIcon;
				CODE_SIGN_IDENTITY = "iPhone Developer";
				GENERATE_INFOPLIST_FILE = YES;
				INFOPLIST_KEY_CFBundleDisplayName = NativeEditorTestHost;
				INFOPLIST_KEY_UIApplicationSceneManifest_Generation = NO;
				INFOPLIST_KEY_UIRequiresFullScreen = YES;
				IPHONEOS_DEPLOYMENT_TARGET = 15.1;
				LD_RUNPATH_SEARCH_PATHS = (
					"$(inherited)",
					"@executable_path/Frameworks",
					"@loader_path/Frameworks",
				);
				OTHER_SWIFT_FLAGS = "$(inherited) -D EXPO_CONFIGURATION_DEBUG";
				PRODUCT_BUNDLE_IDENTIFIER = com.apollohg.NativeEditorTestHost;
				PRODUCT_NAME = NativeEditorTestHost;
				SDKROOT = iphoneos;
				TARGETED_DEVICE_FAMILY = "1,2";
			};
			name = Debug;
		};
		2B8ECBFC8174F7DBDC7F24BD /* Release */ = {
			isa = XCBuildConfiguration;
			baseConfigurationReference = B2614A388A9673C2226F9F72 /* Pods-NativeEditorTestHost-NativeEditorTests.release.xcconfig */;
			buildSettings = {
				BUNDLE_LOADER = "$(TEST_HOST)";
				GENERATE_INFOPLIST_FILE = YES;
				HEADER_SEARCH_PATHS = (
					"$(inherited)",
					"$(SRCROOT)/../ios/editor_coreFFI",
				);
				INFOPLIST_FILE = ../ios/EditorCore.xcframework/Info.plist;
				INFOPLIST_KEY_CFBundleDisplayName = NativeEditorTests;
				IPHONEOS_DEPLOYMENT_TARGET = 15.1;
				LD_RUNPATH_SEARCH_PATHS = (
					"$(inherited)",
					"@loader_path/Frameworks",
					"@executable_path/Frameworks",
				);
				"OTHER_LDFLAGS[sdk=iphoneos*]" = (
					"$(inherited)",
					"$(SRCROOT)/../ios/EditorCore.xcframework/ios-arm64/libeditor_core.a",
				);
				"OTHER_LDFLAGS[sdk=iphonesimulator*]" = (
					"$(inherited)",
					"$(SRCROOT)/../ios/EditorCore.xcframework/ios-arm64_x86_64-simulator/libeditor_core.a",
				);
				OTHER_SWIFT_FLAGS = "$(inherited) -Xcc -fmodule-map-file=$(SRCROOT)/../ios/editor_coreFFI/module.modulemap -D EXPO_CONFIGURATION_RELEASE";
				PRODUCT_BUNDLE_IDENTIFIER = com.apollohg.NativeEditorTests;
				PRODUCT_NAME = NativeEditorTests;
				SDKROOT = iphoneos;
				SWIFT_INCLUDE_PATHS = "$(inherited) $(SRCROOT)/../ios/editor_coreFFI";
				TARGETED_DEVICE_FAMILY = "1,2";
				TEST_HOST = "$(BUILT_PRODUCTS_DIR)/NativeEditorTestHost.app/$(BUNDLE_EXECUTABLE_FOLDER_PATH)/NativeEditorTestHost";
				TEST_TARGET_NAME = NativeEditorTestHost;
			};
			name = Release;
		};
		5713D6574C27C924197974FA /* Release */ = {
			isa = XCBuildConfiguration;
			baseConfigurationReference = 27651F99214CC545615435E9 /* Pods-NativeEditorTestHost.release.xcconfig */;
			buildSettings = {
				ASSETCATALOG_COMPILER_APPICON_NAME = AppIcon;
				CODE_SIGN_IDENTITY = "iPhone Developer";
				GENERATE_INFOPLIST_FILE = YES;
				INFOPLIST_KEY_CFBundleDisplayName = NativeEditorTestHost;
				INFOPLIST_KEY_UIApplicationSceneManifest_Generation = NO;
				INFOPLIST_KEY_UIRequiresFullScreen = YES;
				IPHONEOS_DEPLOYMENT_TARGET = 15.1;
				LD_RUNPATH_SEARCH_PATHS = (
					"$(inherited)",
					"@executable_path/Frameworks",
					"@loader_path/Frameworks",
				);
				OTHER_SWIFT_FLAGS = "$(inherited) -D EXPO_CONFIGURATION_RELEASE";
				PRODUCT_BUNDLE_IDENTIFIER = com.apollohg.NativeEditorTestHost;
				PRODUCT_NAME = NativeEditorTestHost;
				SDKROOT = iphoneos;
				TARGETED_DEVICE_FAMILY = "1,2";
			};
			name = Release;
		};
		624FBD54F1506EBB6015E592 /* Debug */ = {
			isa = XCBuildConfiguration;
			buildSettings = {
				ALWAYS_SEARCH_USER_PATHS = NO;
				CLANG_ANALYZER_NONNULL = YES;
				CLANG_ANALYZER_NUMBER_OBJECT_CONVERSION = YES_AGGRESSIVE;
				CLANG_CXX_LANGUAGE_STANDARD = "c++20";
				CLANG_CXX_LIBRARY = "libc++";
				CLANG_ENABLE_MODULES = YES;
				CLANG_ENABLE_OBJC_ARC = YES;
				CLANG_ENABLE_OBJC_WEAK = YES;
				CLANG_WARN_BLOCK_CAPTURE_AUTORELEASING = YES;
				CLANG_WARN_BOOL_CONVERSION = YES;
				CLANG_WARN_COMMA = YES;
				CLANG_WARN_CONSTANT_CONVERSION = YES;
				CLANG_WARN_DEPRECATED_OBJC_IMPLEMENTATIONS = YES;
				CLANG_WARN_DIRECT_OBJC_ISA_USAGE = YES_ERROR;
				CLANG_WARN_DOCUMENTATION_COMMENTS = YES;
				CLANG_WARN_EMPTY_BODY = YES;
				CLANG_WARN_ENUM_CONVERSION = YES;
				CLANG_WARN_INFINITE_RECURSION = YES;
				CLANG_WARN_INT_CONVERSION = YES;
				CLANG_WARN_NON_LITERAL_NULL_CONVERSION = YES;
				CLANG_WARN_OBJC_IMPLICIT_RETAIN_SELF = YES;
				CLANG_WARN_OBJC_LITERAL_CONVERSION = YES;
				CLANG_WARN_OBJC_ROOT_CLASS = YES_ERROR;
				CLANG_WARN_QUOTED_INCLUDE_IN_FRAMEWORK_HEADER = YES;
				CLANG_WARN_RANGE_LOOP_ANALYSIS = YES;
				CLANG_WARN_STRICT_PROTOTYPES = YES;
				CLANG_WARN_SUSPICIOUS_MOVE = YES;
				CLANG_WARN_UNGUARDED_AVAILABILITY = YES_AGGRESSIVE;
				CLANG_WARN_UNREACHABLE_CODE = YES;
				CLANG_WARN__DUPLICATE_METHOD_MATCH = YES;
				"CODE_SIGNING_ALLOWED[sdk=iphoneos*]" = YES;
				"CODE_SIGNING_ALLOWED[sdk=iphonesimulator*]" = NO;
				"CODE_SIGNING_REQUIRED[sdk=iphoneos*]" = YES;
				"CODE_SIGNING_REQUIRED[sdk=iphonesimulator*]" = NO;
				"CODE_SIGN_IDENTITY[sdk=iphoneos*]" = "Apple Development";
				CODE_SIGN_STYLE = Automatic;
				COPY_PHASE_STRIP = NO;
				DEBUG_INFORMATION_FORMAT = dwarf;
				DEVELOPMENT_TEAM = "$(IOS_DEVELOPMENT_TEAM)";
				ENABLE_STRICT_OBJC_MSGSEND = YES;
				ENABLE_TESTABILITY = YES;
				GCC_C_LANGUAGE_STANDARD = gnu11;
				GCC_DYNAMIC_NO_PIC = NO;
				GCC_NO_COMMON_BLOCKS = YES;
				GCC_OPTIMIZATION_LEVEL = 0;
				GCC_PREPROCESSOR_DEFINITIONS = (
					"$(inherited)",
					"DEBUG=1",
				);
				GCC_WARN_64_TO_32_BIT_CONVERSION = YES;
				GCC_WARN_ABOUT_RETURN_TYPE = YES_ERROR;
				GCC_WARN_UNDECLARED_SELECTOR = YES;
				GCC_WARN_UNINITIALIZED_AUTOS = YES_AGGRESSIVE;
				GCC_WARN_UNUSED_FUNCTION = YES;
				GCC_WARN_UNUSED_VARIABLE = YES;
				IOS_DEVELOPMENT_TEAM = "";
				IPHONEOS_DEPLOYMENT_TARGET = 15.1;
				MTL_ENABLE_DEBUG_INFO = INCLUDE_SOURCE;
				MTL_FAST_MATH = YES;
				ONLY_ACTIVE_ARCH = YES;
				PRODUCT_NAME = "$(TARGET_NAME)";
				REACT_NATIVE_PATH = "${PODS_ROOT}/../../example/node_modules/react-native";
				SDKROOT = iphoneos;
				SWIFT_ACTIVE_COMPILATION_CONDITIONS = "$(inherited) DEBUG";
				SWIFT_OPTIMIZATION_LEVEL = "-Onone";
				SWIFT_VERSION = 5.9;
				USE_HERMES = true;
			};
			name = Debug;
		};
		A34FF3461D2DC4605F761AC7 /* Release */ = {
			isa = XCBuildConfiguration;
			buildSettings = {
				ALWAYS_SEARCH_USER_PATHS = NO;
				CLANG_ANALYZER_NONNULL = YES;
				CLANG_ANALYZER_NUMBER_OBJECT_CONVERSION = YES_AGGRESSIVE;
				CLANG_CXX_LANGUAGE_STANDARD = "c++20";
				CLANG_CXX_LIBRARY = "libc++";
				CLANG_ENABLE_MODULES = YES;
				CLANG_ENABLE_OBJC_ARC = YES;
				CLANG_ENABLE_OBJC_WEAK = YES;
				CLANG_WARN_BLOCK_CAPTURE_AUTORELEASING = YES;
				CLANG_WARN_BOOL_CONVERSION = YES;
				CLANG_WARN_COMMA = YES;
				CLANG_WARN_CONSTANT_CONVERSION = YES;
				CLANG_WARN_DEPRECATED_OBJC_IMPLEMENTATIONS = YES;
				CLANG_WARN_DIRECT_OBJC_ISA_USAGE = YES_ERROR;
				CLANG_WARN_DOCUMENTATION_COMMENTS = YES;
				CLANG_WARN_EMPTY_BODY = YES;
				CLANG_WARN_ENUM_CONVERSION = YES;
				CLANG_WARN_INFINITE_RECURSION = YES;
				CLANG_WARN_INT_CONVERSION = YES;
				CLANG_WARN_NON_LITERAL_NULL_CONVERSION = YES;
				CLANG_WARN_OBJC_IMPLICIT_RETAIN_SELF = YES;
				CLANG_WARN_OBJC_LITERAL_CONVERSION = YES;
				CLANG_WARN_OBJC_ROOT_CLASS = YES_ERROR;
				CLANG_WARN_QUOTED_INCLUDE_IN_FRAMEWORK_HEADER = YES;
				CLANG_WARN_RANGE_LOOP_ANALYSIS = YES;
				CLANG_WARN_STRICT_PROTOTYPES = YES;
				CLANG_WARN_SUSPICIOUS_MOVE = YES;
				CLANG_WARN_UNGUARDED_AVAILABILITY = YES_AGGRESSIVE;
				CLANG_WARN_UNREACHABLE_CODE = YES;
				CLANG_WARN__DUPLICATE_METHOD_MATCH = YES;
				"CODE_SIGNING_ALLOWED[sdk=iphoneos*]" = YES;
				"CODE_SIGNING_ALLOWED[sdk=iphonesimulator*]" = NO;
				"CODE_SIGNING_REQUIRED[sdk=iphoneos*]" = YES;
				"CODE_SIGNING_REQUIRED[sdk=iphonesimulator*]" = NO;
				"CODE_SIGN_IDENTITY[sdk=iphoneos*]" = "Apple Development";
				CODE_SIGN_STYLE = Automatic;
				COPY_PHASE_STRIP = NO;
				DEBUG_INFORMATION_FORMAT = "dwarf-with-dsym";
				DEVELOPMENT_TEAM = "$(IOS_DEVELOPMENT_TEAM)";
				ENABLE_NS_ASSERTIONS = NO;
				ENABLE_STRICT_OBJC_MSGSEND = YES;
				GCC_C_LANGUAGE_STANDARD = gnu11;
				GCC_NO_COMMON_BLOCKS = YES;
				GCC_WARN_64_TO_32_BIT_CONVERSION = YES;
				GCC_WARN_ABOUT_RETURN_TYPE = YES_ERROR;
				GCC_WARN_UNDECLARED_SELECTOR = YES;
				GCC_WARN_UNINITIALIZED_AUTOS = YES_AGGRESSIVE;
				GCC_WARN_UNUSED_FUNCTION = YES;
				GCC_WARN_UNUSED_VARIABLE = YES;
				IOS_DEVELOPMENT_TEAM = "";
				IPHONEOS_DEPLOYMENT_TARGET = 15.1;
				MTL_ENABLE_DEBUG_INFO = NO;
				MTL_FAST_MATH = YES;
				PRODUCT_NAME = "$(TARGET_NAME)";
				REACT_NATIVE_PATH = "${PODS_ROOT}/../../example/node_modules/react-native";
				SDKROOT = iphoneos;
				SWIFT_COMPILATION_MODE = wholemodule;
				SWIFT_OPTIMIZATION_LEVEL = "-O";
				SWIFT_VERSION = 5.9;
				USE_HERMES = true;
			};
			name = Release;
		};
		F579126E2C089C48A85F156F /* Debug */ = {
			isa = XCBuildConfiguration;
			baseConfigurationReference = 28965AF91BA8A50173FACFE8 /* Pods-NativeEditorTestHost-NativeEditorTests.debug.xcconfig */;
			buildSettings = {
				BUNDLE_LOADER = "$(TEST_HOST)";
				GENERATE_INFOPLIST_FILE = YES;
				HEADER_SEARCH_PATHS = (
					"$(inherited)",
					"$(SRCROOT)/../ios/editor_coreFFI",
				);
				INFOPLIST_FILE = ../ios/EditorCore.xcframework/Info.plist;
				INFOPLIST_KEY_CFBundleDisplayName = NativeEditorTests;
				IPHONEOS_DEPLOYMENT_TARGET = 15.1;
				LD_RUNPATH_SEARCH_PATHS = (
					"$(inherited)",
					"@loader_path/Frameworks",
					"@executable_path/Frameworks",
				);
				"OTHER_LDFLAGS[sdk=iphoneos*]" = (
					"$(inherited)",
					"$(SRCROOT)/../ios/EditorCore.xcframework/ios-arm64/libeditor_core.a",
				);
				"OTHER_LDFLAGS[sdk=iphonesimulator*]" = (
					"$(inherited)",
					"$(SRCROOT)/../ios/EditorCore.xcframework/ios-arm64_x86_64-simulator/libeditor_core.a",
				);
				OTHER_SWIFT_FLAGS = "$(inherited) -Xcc -fmodule-map-file=$(SRCROOT)/../ios/editor_coreFFI/module.modulemap -D EXPO_CONFIGURATION_DEBUG";
				PRODUCT_BUNDLE_IDENTIFIER = com.apollohg.NativeEditorTests;
				PRODUCT_NAME = NativeEditorTests;
				SDKROOT = iphoneos;
				SWIFT_INCLUDE_PATHS = "$(inherited) $(SRCROOT)/../ios/editor_coreFFI";
				TARGETED_DEVICE_FAMILY = "1,2";
				TEST_HOST = "$(BUILT_PRODUCTS_DIR)/NativeEditorTestHost.app/$(BUNDLE_EXECUTABLE_FOLDER_PATH)/NativeEditorTestHost";
				TEST_TARGET_NAME = NativeEditorTestHost;
			};
			name = Debug;
		};
/* End XCBuildConfiguration section */

/* Begin XCConfigurationList section */
		4CB6E8BE6741388FB1D0C6A8 /* Build configuration list for PBXNativeTarget "NativeEditorTestHost" */ = {
			isa = XCConfigurationList;
			buildConfigurations = (
				1DC8ACECC9EAFD09CE1BD287 /* Debug */,
				5713D6574C27C924197974FA /* Release */,
			);
			defaultConfigurationIsVisible = 0;
			defaultConfigurationName = Debug;
		};
		C96CB555D37F0B78786DB55B /* Build configuration list for PBXProject "NativeEditorTests" */ = {
			isa = XCConfigurationList;
			buildConfigurations = (
				624FBD54F1506EBB6015E592 /* Debug */,
				A34FF3461D2DC4605F761AC7 /* Release */,
			);
			defaultConfigurationIsVisible = 0;
			defaultConfigurationName = Debug;
		};
		F552DE382289921B2E97DDC7 /* Build configuration list for PBXNativeTarget "NativeEditorTests" */ = {
			isa = XCConfigurationList;
			buildConfigurations = (
				F579126E2C089C48A85F156F /* Debug */,
				2B8ECBFC8174F7DBDC7F24BD /* Release */,
			);
			defaultConfigurationIsVisible = 0;
			defaultConfigurationName = Debug;
		};
/* End XCConfigurationList section */
	};
	rootObject = 445105AA8CEBE0832E1578CA /* Project object */;
}
